
Microsoft Visual Studio Solution File, Format Version 12.00
# Visual Studio Version 17
VisualStudioVersion = 17.8.34511.84
MinimumVisualStudioVersion = 10.0.40219.1
Project("{FAE04EC0-301F-11D3-BF4B-00C04F79EFBC}") = "API", "API\API.csproj", "{5C619865-7268-482A-A029-D56274FBB8DB}"
EndProject
Project("{FAE04EC0-301F-11D3-BF4B-00C04F79EFBC}") = "UnitTests", "UnitTests\UnitTests.csproj", "{A757E3AA-DE25-4CDF-A477-D44EA0DA3A1B}"
EndProject
Project("{FAE04EC0-301F-11D3-BF4B-00C04F79EFBC}") = "Service", "Service\Service.csproj", "{F1DF6D82-2EBB-4FA7-822F-52CEEDA000CE}"
EndProject
Project("{FAE04EC0-301F-11D3-BF4B-00C04F79EFBC}") = "Models", "Models\Models.csproj", "{AA039C19-19D6-47BE-9D9C-60E863327691}"
EndProject
Project("{FAE04EC0-301F-11D3-BF4B-00C04F79EFBC}") = "Repository", "Repository\Repository.csproj", "{03A3C443-67E4-4E31-A209-FBE408FC54A3}"
EndProject
Project("{FAE04EC0-301F-11D3-BF4B-00C04F79EFBC}") = "Domain", "Domain\Domain.csproj", "{A891BC5B-56BE-469B-A18B-23CC3B31E2D6}"
EndProject
Global
	GlobalSection(SolutionConfigurationPlatforms) = preSolution
		Debug|Any CPU = Debug|Any CPU
		Release|Any CPU = Release|Any CPU
	EndGlobalSection
	GlobalSection(ProjectConfigurationPlatforms) = postSolution
		{5C619865-7268-482A-A029-D56274FBB8DB}.Debug|Any CPU.ActiveCfg = Debug|Any CPU
		{5C619865-7268-482A-A029-D56274FBB8DB}.Debug|Any CPU.Build.0 = Debug|Any CPU
		{5C619865-7268-482A-A029-D56274FBB8DB}.Release|Any CPU.ActiveCfg = Release|Any CPU
		{5C619865-7268-482A-A029-D56274FBB8DB}.Release|Any CPU.Build.0 = Release|Any CPU
		{A757E3AA-DE25-4CDF-A477-D44EA0DA3A1B}.Debug|Any CPU.ActiveCfg = Debug|Any CPU
		{A757E3AA-DE25-4CDF-A477-D44EA0DA3A1B}.Debug|Any CPU.Build.0 = Debug|Any CPU
		{A757E3AA-DE25-4CDF-A477-D44EA0DA3A1B}.Release|Any CPU.ActiveCfg = Release|Any CPU
		{A757E3AA-DE25-4CDF-A477-D44EA0DA3A1B}.Release|Any CPU.Build.0 = Release|Any CPU
		{F1DF6D82-2EBB-4FA7-822F-52CEEDA000CE}.Debug|Any CPU.ActiveCfg = Debug|Any CPU
		{F1DF6D82-2EBB-4FA7-822F-52CEEDA000CE}.Debug|Any CPU.Build.0 = Debug|Any CPU
		{F1DF6D82-2EBB-4FA7-822F-52CEEDA000CE}.Release|Any CPU.ActiveCfg = Release|Any CPU
		{F1DF6D82-2EBB-4FA7-822F-52CEEDA000CE}.Release|Any CPU.Build.0 = Release|Any CPU
		{AA039C19-19D6-47BE-9D9C-60E863327691}.Debug|Any CPU.ActiveCfg = Debug|Any CPU
		{AA039C19-19D6-47BE-9D9C-60E863327691}.Debug|Any CPU.Build.0 = Debug|Any CPU
		{AA039C19-19D6-47BE-9D9C-60E863327691}.Release|Any CPU.ActiveCfg = Release|Any CPU
		{AA039C19-19D6-47BE-9D9C-60E863327691}.Release|Any CPU.Build.0 = Release|Any CPU
		{03A3C443-67E4-4E31-A209-FBE408FC54A3}.Debug|Any CPU.ActiveCfg = Debug|Any CPU
		{03A3C443-67E4-4E31-A209-FBE408FC54A3}.Debug|Any CPU.Build.0 = Debug|Any CPU
		{03A3C443-67E4-4E31-A209-FBE408FC54A3}.Release|Any CPU.ActiveCfg = Release|Any CPU
		{03A3C443-67E4-4E31-A209-FBE408FC54A3}.Release|Any CPU.Build.0 = Release|Any CPU
		{A891BC5B-56BE-469B-A18B-23CC3B31E2D6}.Debug|Any CPU.ActiveCfg = Debug|Any CPU
		{A891BC5B-56BE-469B-A18B-23CC3B31E2D6}.Debug|Any CPU.Build.0 = Debug|Any CPU
		{A891BC5B-56BE-469B-A18B-23CC3B31E2D6}.Release|Any CPU.ActiveCfg = Release|Any CPU
		{A891BC5B-56BE-469B-A18B-23CC3B31E2D6}.Release|Any CPU.Build.0 = Release|Any CPU
	EndGlobalSection
	GlobalSection(SolutionProperties) = preSolution
		HideSolutionNode = FALSE
	EndGlobalSection
	GlobalSection(ExtensibilityGlobals) = postSolution
		SolutionGuid = {D876E8F1-59E7-4F63-BF38-2FF8E7639AE3}
	EndGlobalSection
EndGlobal
